
Microsoft Visual Studio Solution File, Format Version 12.00
# Visual Studio Version 16
VisualStudioVersion = 16.0.30011.22
MinimumVisualStudioVersion = 10.0.40219.1
Project("{F14B399A-7131-4C87-9E4B-1186C45EF12D}") = "InformesMinisuper", "InformesMinisuper\InformesMinisuper.rptproj", "{A237C2DC-73AB-4A9F-B047-4A49FCB0FFD1}"
EndProject
Global
	GlobalSection(SolutionConfigurationPlatforms) = preSolution
		Debug|Default = Debug|Default
		DebugLocal|Default = DebugLocal|Default
		Release|Default = Release|Default
	EndGlobalSection
	GlobalSection(ProjectConfigurationPlatforms) = postSolution
		{A237C2DC-73AB-4A9F-B047-4A49FCB0FFD1}.Debug|Default.ActiveCfg = Debug
		{A237C2DC-73AB-4A9F-B047-4A49FCB0FFD1}.Debug|Default.Build.0 = Debug
		{A237C2DC-73AB-4A9F-B047-4A49FCB0FFD1}.Debug|Default.Deploy.0 = Debug
		{A237C2DC-73AB-4A9F-B047-4A49FCB0FFD1}.DebugLocal|Default.ActiveCfg = DebugLocal
		{A237C2DC-73AB-4A9F-B047-4A49FCB0FFD1}.DebugLocal|Default.Build.0 = DebugLocal
		{A237C2DC-73AB-4A9F-B047-4A49FCB0FFD1}.Release|Default.ActiveCfg = Release
		{A237C2DC-73AB-4A9F-B047-4A49FCB0FFD1}.Release|Default.Build.0 = Release
		{A237C2DC-73AB-4A9F-B047-4A49FCB0FFD1}.Release|Default.Deploy.0 = Release
	EndGlobalSection
	GlobalSection(SolutionProperties) = preSolution
		HideSolutionNode = FALSE
	EndGlobalSection
	GlobalSection(ExtensibilityGlobals) = postSolution
		SolutionGuid = {154D1B75-19CE-4086-8916-6E3AF1C4C594}
	EndGlobalSection
EndGlobal
